{
  "name": "TeasAndSeas",
  "version": "0.0.2",
  "lockfileVersion": 1,
  "requires": true,
  "dependencies": {
    "jsmidgen": {
      "version": "0.1.5",
      "resolved": "https://registry.npmjs.org/jsmidgen/-/jsmidgen-0.1.5.tgz",
      "integrity": "sha1-rQr9Y3XrEvUQZAJTk847rsOAWF0=",
      "dev": true
    },
    "read-file": {
      "version": "0.2.0",
      "resolved": "https://registry.npmjs.org/read-file/-/read-file-0.2.0.tgz",
      "integrity": "sha1-cMa6+IQux9FUD5gf0Oau1Mgb1UU=",
      "dev": true
    },
    "scribbletune": {
      "version": "1.9.2",
      "resolved": "https://registry.npmjs.org/scribbletune/-/scribbletune-1.9.2.tgz",
      "integrity": "sha512-LrBJ83vItWuIlq/oqfOcYsR00U4hpe3RmEhV00oxIP+PxqKcXfj0FfYqhJ7RPu0sbN1amq0YAedx8zlOMRzPXA==",
      "dev": true,
      "requires": {
        "jsmidgen": "0.1.5",
        "tonal": "2.1.1"
      }
    },
    "sentiment": {
      "version": "5.0.1",
      "resolved": "https://registry.npmjs.org/sentiment/-/sentiment-5.0.1.tgz",
      "integrity": "sha512-MSYs0mZKrBSsRTzou2hKlWuM6jQAm0AtFqAVtaRlqxjaxCTlVwTMz65VDeW9ov3aCcPM0Cvxcn5JnBo1mtreqg==",
      "dev": true
    },
    "tonal": {
      "version": "2.1.1",
      "resolved": "https://registry.npmjs.org/tonal/-/tonal-2.1.1.tgz",
      "integrity": "sha512-8oz9ASHKzqL1fAACgERomtgf8jDZemvOjfO7/++Cx0ya/gf6nw5vlOeqM+c33azMXvnc8/kSbX8gR3eS5BtEHw==",
      "dev": true,
      "requires": {
        "tonal-array": "2.1.0",
        "tonal-chord": "2.1.0",
        "tonal-dictionary": "2.1.0",
        "tonal-distance": "2.1.0",
        "tonal-interval": "2.1.0",
        "tonal-key": "2.1.1",
        "tonal-note": "2.1.0",
        "tonal-pcset": "2.1.0",
        "tonal-scale": "2.1.0"
      }
    },
    "tonal-array": {
      "version": "2.1.0",
      "resolved": "https://registry.npmjs.org/tonal-array/-/tonal-array-2.1.0.tgz",
      "integrity": "sha512-6lpH4Hl0OoChXl+yxxegls87gJePAyW3hJHhAift4Mkfz66/8HbmMJOOygu+y8Er15er4cyDEPK+Hwe1rD6diw==",
      "dev": true,
      "requires": {
        "tonal-note": "2.1.0"
      }
    },
    "tonal-chord": {
      "version": "2.1.0",
      "resolved": "https://registry.npmjs.org/tonal-chord/-/tonal-chord-2.1.0.tgz",
      "integrity": "sha512-Qx5Tyv6NRaw7SAsg8kYiRl2U6rh5yDpxa5bx5q+fixe1hAE6Tp+upoLkzMtT/wPfRvcHitm5ItLy7GSmGPYDzA==",
      "dev": true,
      "requires": {
        "tonal-dictionary": "2.1.0",
        "tonal-distance": "2.1.0",
        "tonal-note": "2.1.0",
        "tonal-pcset": "2.1.0"
      }
    },
    "tonal-dictionary": {
      "version": "2.1.0",
      "resolved": "https://registry.npmjs.org/tonal-dictionary/-/tonal-dictionary-2.1.0.tgz",
      "integrity": "sha512-rcCCKJLS89A8H0Ww/uIiLg4vjVDXqlLyfscZIN970IOYUmCDrjNzca//lM6FINkRGmupDn/8RTdJ87vRwksfzg==",
      "dev": true,
      "requires": {
        "tonal-array": "2.1.0",
        "tonal-note": "2.1.0",
        "tonal-pcset": "2.1.0"
      }
    },
    "tonal-distance": {
      "version": "2.1.0",
      "resolved": "https://registry.npmjs.org/tonal-distance/-/tonal-distance-2.1.0.tgz",
      "integrity": "sha512-wyx24ZxEeziMx4yzYnvCRYKxf3drUzaxC0PYLXC/vcr0SZ46J5ok3QKlMkfKmRjhUOd53f49AOLz03O+Co9N0Q==",
      "dev": true,
      "requires": {
        "tonal-interval": "2.1.0",
        "tonal-note": "2.1.0"
      }
    },
    "tonal-interval": {
      "version": "2.1.0",
      "resolved": "https://registry.npmjs.org/tonal-interval/-/tonal-interval-2.1.0.tgz",
      "integrity": "sha512-5FGxMtlJItYVKKZXBmKR9y++WeQTHO//+M96kPSrlJRslUftO/LFjLnLwRdVyk6h6zcnLnrSQL/MqNK5DdNVyg==",
      "dev": true
    },
    "tonal-key": {
      "version": "2.1.1",
      "resolved": "https://registry.npmjs.org/tonal-key/-/tonal-key-2.1.1.tgz",
      "integrity": "sha512-1mBeDnnvBsCdrUrU+J3IUEbANA42RnAG9GdlQ7ovnsoNAFKqzGM3y0phWlyj9RaP5vF8U6BKBVa39FWn2p+Heg==",
      "dev": true,
      "requires": {
        "tonal-array": "2.1.0",
        "tonal-distance": "2.1.0",
        "tonal-note": "2.1.0"
      }
    },
    "tonal-note": {
      "version": "2.1.0",
      "resolved": "https://registry.npmjs.org/tonal-note/-/tonal-note-2.1.0.tgz",
      "integrity": "sha512-34CiSRdQPtcu4rxx5ONbrGuo/+Bk+LHawv9Q+sQ2BXslmqGDJhQS7YhUI48AVWmou4UzS5cJRsKzKaMfwI8aFA==",
      "dev": true
    },
    "tonal-pcset": {
      "version": "2.1.0",
      "resolved": "https://registry.npmjs.org/tonal-pcset/-/tonal-pcset-2.1.0.tgz",
      "integrity": "sha512-VRRMxmNc3jI1wPhSn+W3UdJmNF8hgHNNf6uSwB2lq+H0lrEFHhYIL9F72fp2PIpNz9taocNPq143dxU02S2JHg==",
      "dev": true,
      "requires": {
        "tonal-array": "2.1.0",
        "tonal-interval": "2.1.0",
        "tonal-note": "2.1.0"
      }
    },
    "tonal-scale": {
      "version": "2.1.0",
      "resolved": "https://registry.npmjs.org/tonal-scale/-/tonal-scale-2.1.0.tgz",
      "integrity": "sha512-PdwgE+CRTp12+5kY//Dfuy2OHo+XSMb8XY8z5emS4Li/41VLoNBi0bshXgYUtnIvkTor789BjICPhwrob1RkUA==",
      "dev": true,
      "requires": {
        "tonal-array": "2.1.0",
        "tonal-dictionary": "2.1.0",
        "tonal-distance": "2.1.0",
        "tonal-note": "2.1.0",
        "tonal-pcset": "2.1.0"
      }
    }
  }
}
